
Microsoft Visual Studio Solution File, Format Version 12.00
# Visual Studio Version 17
VisualStudioVersion = 17.14.36414.22 d17.14
MinimumVisualStudioVersion = 10.0.40219.1
Project("{FAE04EC0-301F-11D3-BF4B-00C04F79EFBC}") = "basisprogrammering-quiz", "basisprogrammering-quiz.csproj", "{A99ED212-8372-43E2-97E0-04D138AB68FD}"
EndProject
Global
	GlobalSection(SolutionConfigurationPlatforms) = preSolution
		Debug|Any CPU = Debug|Any CPU
		Release|Any CPU = Release|Any CPU
	EndGlobalSection
	GlobalSection(ProjectConfigurationPlatforms) = postSolution
		{A99ED212-8372-43E2-97E0-04D138AB68FD}.Debug|Any CPU.ActiveCfg = Debug|Any CPU
		{A99ED212-8372-43E2-97E0-04D138AB68FD}.Debug|Any CPU.Build.0 = Debug|Any CPU
		{A99ED212-8372-43E2-97E0-04D138AB68FD}.Release|Any CPU.ActiveCfg = Release|Any CPU
		{A99ED212-8372-43E2-97E0-04D138AB68FD}.Release|Any CPU.Build.0 = Release|Any CPU
	EndGlobalSection
	GlobalSection(SolutionProperties) = preSolution
		HideSolutionNode = FALSE
	EndGlobalSection
	GlobalSection(ExtensibilityGlobals) = postSolution
		SolutionGuid = {E4FA9FEE-ECBC-464E-8E8D-FAE9F92B6745}
	EndGlobalSection
EndGlobal
